// !$*UTF8*$!
{
	archiveVersion = 1;
	classes = {
	};
	objectVersion = 56;
	objects = {

/* Begin PBXBuildFile section */
		340B0ED52C21F56C00850CDD /* main.cpp in Sources */ = {isa = PBXBuildFile; fileRef = 340B0ED42C21F56C00850CDD /* main.cpp */; };
		340B0EDF2C2207CD00850CDD /* Makefile in Sources */ = {isa = PBXBuildFile; fileRef = 340B0EDE2C2207CD00850CDD /* Makefile */; };
		340B0EE22C220C1400850CDD /* cipher.cpp in Sources */ = {isa = PBXBuildFile; fileRef = 340B0EE12C220C1400850CDD /* cipher.cpp */; };
/* End PBXBuildFile section */

/* Begin PBXCopyFilesBuildPhase section */
		340B0ECF2C21F56C00850CDD /* CopyFiles */ = {
			isa = PBXCopyFilesBuildPhase;
			buildActionMask = 2147483647;
			dstPath = /usr/share/man/man1/;
			dstSubfolderSpec = 0;
			files = (
			);
			runOnlyForDeploymentPostprocessing = 1;
		};
/* End PBXCopyFilesBuildPhase section */

/* Begin PBXFileReference section */
		340B0ED12C21F56C00850CDD /* cipher */ = {isa = PBXFileReference; explicitFileType = "compiled.mach-o.executable"; includeInIndex = 0; path = cipher; sourceTree = BUILT_PRODUCTS_DIR; };
		340B0ED42C21F56C00850CDD /* main.cpp */ = {isa = PBXFileReference; lastKnownFileType = sourcecode.cpp.cpp; path = main.cpp; sourceTree = "<group>"; };
		340B0EDC2C22005F00850CDD /* input_file.txt */ = {isa = PBXFileReference; lastKnownFileType = text; path = input_file.txt; sourceTree = "<group>"; };
		340B0EDD2C2200D800850CDD /* key */ = {isa = PBXFileReference; lastKnownFileType = text; path = key; sourceTree = "<group>"; };
		340B0EDE2C2207CD00850CDD /* Makefile */ = {isa = PBXFileReference; lastKnownFileType = sourcecode.make; path = Makefile; sourceTree = "<group>"; };
		340B0EE02C2209AB00850CDD /* terminal.sh */ = {isa = PBXFileReference; lastKnownFileType = text.script.sh; path = terminal.sh; sourceTree = "<group>"; };
		340B0EE12C220C1400850CDD /* cipher.cpp */ = {isa = PBXFileReference; lastKnownFileType = sourcecode.cpp.cpp; path = cipher.cpp; sourceTree = "<group>"; };
		340B0EE32C220C2200850CDD /* cipher.h */ = {isa = PBXFileReference; lastKnownFileType = sourcecode.c.h; path = cipher.h; sourceTree = "<group>"; };
		342D5B0E2C4E0DC30068D160 /* Test-Cases */ = {isa = PBXFileReference; lastKnownFileType = folder; path = "Test-Cases"; sourceTree = "<group>"; };
/* End PBXFileReference section */

/* Begin PBXFrameworksBuildPhase section */
		340B0ECE2C21F56C00850CDD /* Frameworks */ = {
			isa = PBXFrameworksBuildPhase;
			buildActionMask = 2147483647;
			files = (
			);
			runOnlyForDeploymentPostprocessing = 0;
		};
/* End PBXFrameworksBuildPhase section */

/* Begin PBXGroup section */
		340B0EC82C21F56B00850CDD = {
			isa = PBXGroup;
			children = (
				340B0ED32C21F56C00850CDD /* cipher */,
				340B0ED22C21F56C00850CDD /* Products */,
			);
			sourceTree = "<group>";
		};
		340B0ED22C21F56C00850CDD /* Products */ = {
			isa = PBXGroup;
			children = (
				340B0ED12C21F56C00850CDD /* cipher */,
			);
			name = Products;
			sourceTree = "<group>";
		};
		340B0ED32C21F56C00850CDD /* cipher */ = {
			isa = PBXGroup;
			children = (
				342D5B0E2C4E0DC30068D160 /* Test-Cases */,
				340B0ED42C21F56C00850CDD /* main.cpp */,
				340B0EE12C220C1400850CDD /* cipher.cpp */,
				340B0EE32C220C2200850CDD /* cipher.h */,
				340B0EDC2C22005F00850CDD /* input_file.txt */,
				340B0EDD2C2200D800850CDD /* key */,
				340B0EDE2C2207CD00850CDD /* Makefile */,
				340B0EE02C2209AB00850CDD /* terminal.sh */,
			);
			path = cipher;
			sourceTree = "<group>";
		};
/* End PBXGroup section */

/* Begin PBXNativeTarget section */
		340B0ED02C21F56C00850CDD /* cipher */ = {
			isa = PBXNativeTarget;
			buildConfigurationList = 340B0ED82C21F56C00850CDD /* Build configuration list for PBXNativeTarget "cipher" */;
			buildPhases = (
				340B0ECD2C21F56C00850CDD /* Sources */,
				340B0ECE2C21F56C00850CDD /* Frameworks */,
				340B0ECF2C21F56C00850CDD /* CopyFiles */,
			);
			buildRules = (
			);
			dependencies = (
			);
			name = cipher;
			productName = cipher;
			productReference = 340B0ED12C21F56C00850CDD /* cipher */;
			productType = "com.apple.product-type.tool";
		};
/* End PBXNativeTarget section */

/* Begin PBXProject section */
		340B0EC92C21F56B00850CDD /* Project object */ = {
			isa = PBXProject;
			attributes = {
				BuildIndependentTargetsInParallel = 1;
				LastUpgradeCheck = 1500;
				TargetAttributes = {
					340B0ED02C21F56C00850CDD = {
						CreatedOnToolsVersion = 15.0.1;
					};
				};
			};
			buildConfigurationList = 340B0ECC2C21F56B00850CDD /* Build configuration list for PBXProject "cipher" */;
			compatibilityVersion = "Xcode 14.0";
			developmentRegion = en;
			hasScannedForEncodings = 0;
			knownRegions = (
				en,
				Base,
			);
			mainGroup = 340B0EC82C21F56B00850CDD;
			productRefGroup = 340B0ED22C21F56C00850CDD /* Products */;
			projectDirPath = "";
			projectRoot = "";
			targets = (
				340B0ED02C21F56C00850CDD /* cipher */,
			);
		};
/* End PBXProject section */

/* Begin PBXSourcesBuildPhase section */
		340B0ECD2C21F56C00850CDD /* Sources */ = {
			isa = PBXSourcesBuildPhase;
			buildActionMask = 2147483647;
			files = (
				340B0EDF2C2207CD00850CDD /* Makefile in Sources */,
				340B0EE22C220C1400850CDD /* cipher.cpp in Sources */,
				340B0ED52C21F56C00850CDD /* main.cpp in Sources */,
			);
			runOnlyForDeploymentPostprocessing = 0;
		};
/* End PBXSourcesBuildPhase section */

/* Begin XCBuildConfiguration section */
		340B0ED62C21F56C00850CDD /* Debug */ = {
			isa = XCBuildConfiguration;
			buildSettings = {
				ALWAYS_SEARCH_USER_PATHS = NO;
				ASSETCATALOG_COMPILER_GENERATE_SWIFT_ASSET_SYMBOL_EXTENSIONS = YES;
				CLANG_ANALYZER_NONNULL = YES;
				CLANG_ANALYZER_NUMBER_OBJECT_CONVERSION = YES_AGGRESSIVE;
				CLANG_CXX_LANGUAGE_STANDARD = "gnu++20";
				CLANG_ENABLE_MODULES = YES;
				CLANG_ENABLE_OBJC_ARC = YES;
				CLANG_ENABLE_OBJC_WEAK = YES;
				CLANG_WARN_BLOCK_CAPTURE_AUTORELEASING = YES;
				CLANG_WARN_BOOL_CONVERSION = YES;
				CLANG_WARN_COMMA = YES;
				CLANG_WARN_CONSTANT_CONVERSION = YES;
				CLANG_WARN_DEPRECATED_OBJC_IMPLEMENTATIONS = YES;
				CLANG_WARN_DIRECT_OBJC_ISA_USAGE = YES_ERROR;
				CLANG_WARN_DOCUMENTATION_COMMENTS = YES;
				CLANG_WARN_EMPTY_BODY = YES;
				CLANG_WARN_ENUM_CONVERSION = YES;
				CLANG_WARN_INFINITE_RECURSION = YES;
				CLANG_WARN_INT_CONVERSION = YES;
				CLANG_WARN_NON_LITERAL_NULL_CONVERSION = YES;
				CLANG_WARN_OBJC_IMPLICIT_RETAIN_SELF = YES;
				CLANG_WARN_OBJC_LITERAL_CONVERSION = YES;
				CLANG_WARN_OBJC_ROOT_CLASS = YES_ERROR;
				CLANG_WARN_QUOTED_INCLUDE_IN_FRAMEWORK_HEADER = YES;
				CLANG_WARN_RANGE_LOOP_ANALYSIS = YES;
				CLANG_WARN_STRICT_PROTOTYPES = YES;
				CLANG_WARN_SUSPICIOUS_MOVE = YES;
				CLANG_WARN_UNGUARDED_AVAILABILITY = YES_AGGRESSIVE;
				CLANG_WARN_UNREACHABLE_CODE = YES;
				CLANG_WARN__DUPLICATE_METHOD_MATCH = YES;
				COPY_PHASE_STRIP = NO;
				DEBUG_INFORMATION_FORMAT = dwarf;
				ENABLE_STRICT_OBJC_MSGSEND = YES;
				ENABLE_TESTABILITY = YES;
				ENABLE_USER_SCRIPT_SANDBOXING = YES;
				GCC_C_LANGUAGE_STANDARD = gnu17;
				GCC_DYNAMIC_NO_PIC = NO;
				GCC_NO_COMMON_BLOCKS = YES;
				GCC_OPTIMIZATION_LEVEL = 0;
				GCC_PREPROCESSOR_DEFINITIONS = (
					"DEBUG=1",
					"$(inherited)",
				);
				GCC_WARN_64_TO_32_BIT_CONVERSION = YES;
				GCC_WARN_ABOUT_RETURN_TYPE = YES_ERROR;
				GCC_WARN_UNDECLARED_SELECTOR = YES;
				GCC_WARN_UNINITIALIZED_AUTOS = YES_AGGRESSIVE;
				GCC_WARN_UNUSED_FUNCTION = YES;
				GCC_WARN_UNUSED_VARIABLE = YES;
				LOCALIZATION_PREFERS_STRING_CATALOGS = YES;
				MACOSX_DEPLOYMENT_TARGET = 14.0;
				MTL_ENABLE_DEBUG_INFO = INCLUDE_SOURCE;
				MTL_FAST_MATH = YES;
				ONLY_ACTIVE_ARCH = YES;
				SDKROOT = macosx;
			};
			name = Debug;
		};
		340B0ED72C21F56C00850CDD /* Release */ = {
			isa = XCBuildConfiguration;
			buildSettings = {
				ALWAYS_SEARCH_USER_PATHS = NO;
				ASSETCATALOG_COMPILER_GENERATE_SWIFT_ASSET_SYMBOL_EXTENSIONS = YES;
				CLANG_ANALYZER_NONNULL = YES;
				CLANG_ANALYZER_NUMBER_OBJECT_CONVERSION = YES_AGGRESSIVE;
				CLANG_CXX_LANGUAGE_STANDARD = "gnu++20";
				CLANG_ENABLE_MODULES = YES;
				CLANG_ENABLE_OBJC_ARC = YES;
				CLANG_ENABLE_OBJC_WEAK = YES;
				CLANG_WARN_BLOCK_CAPTURE_AUTORELEASING = YES;
				CLANG_WARN_BOOL_CONVERSION = YES;
				CLANG_WARN_COMMA = YES;
				CLANG_WARN_CONSTANT_CONVERSION = YES;
				CLANG_WARN_DEPRECATED_OBJC_IMPLEMENTATIONS = YES;
				CLANG_WARN_DIRECT_OBJC_ISA_USAGE = YES_ERROR;
				CLANG_WARN_DOCUMENTATION_COMMENTS = YES;
				CLANG_WARN_EMPTY_BODY = YES;
				CLANG_WARN_ENUM_CONVERSION = YES;
				CLANG_WARN_INFINITE_RECURSION = YES;
				CLANG_WARN_INT_CONVERSION = YES;
				CLANG_WARN_NON_LITERAL_NULL_CONVERSION = YES;
				CLANG_WARN_OBJC_IMPLICIT_RETAIN_SELF = YES;
				CLANG_WARN_OBJC_LITERAL_CONVERSION = YES;
				CLANG_WARN_OBJC_ROOT_CLASS = YES_ERROR;
				CLANG_WARN_QUOTED_INCLUDE_IN_FRAMEWORK_HEADER = YES;
				CLANG_WARN_RANGE_LOOP_ANALYSIS = YES;
				CLANG_WARN_STRICT_PROTOTYPES = YES;
				CLANG_WARN_SUSPICIOUS_MOVE = YES;
				CLANG_WARN_UNGUARDED_AVAILABILITY = YES_AGGRESSIVE;
				CLANG_WARN_UNREACHABLE_CODE = YES;
				CLANG_WARN__DUPLICATE_METHOD_MATCH = YES;
				COPY_PHASE_STRIP = NO;
				DEBUG_INFORMATION_FORMAT = "dwarf-with-dsym";
				ENABLE_NS_ASSERTIONS = NO;
				ENABLE_STRICT_OBJC_MSGSEND = YES;
				ENABLE_USER_SCRIPT_SANDBOXING = YES;
				GCC_C_LANGUAGE_STANDARD = gnu17;
				GCC_NO_COMMON_BLOCKS = YES;
				GCC_WARN_64_TO_32_BIT_CONVERSION = YES;
				GCC_WARN_ABOUT_RETURN_TYPE = YES_ERROR;
				GCC_WARN_UNDECLARED_SELECTOR = YES;
				GCC_WARN_UNINITIALIZED_AUTOS = YES_AGGRESSIVE;
				GCC_WARN_UNUSED_FUNCTION = YES;
				GCC_WARN_UNUSED_VARIABLE = YES;
				LOCALIZATION_PREFERS_STRING_CATALOGS = YES;
				MACOSX_DEPLOYMENT_TARGET = 14.0;
				MTL_ENABLE_DEBUG_INFO = NO;
				MTL_FAST_MATH = YES;
				SDKROOT = macosx;
			};
			name = Release;
		};
		340B0ED92C21F56C00850CDD /* Debug */ = {
			isa = XCBuildConfiguration;
			buildSettings = {
				CODE_SIGN_STYLE = Automatic;
				PRODUCT_NAME = "$(TARGET_NAME)";
			};
			name = Debug;
		};
		340B0EDA2C21F56C00850CDD /* Release */ = {
			isa = XCBuildConfiguration;
			buildSettings = {
				CODE_SIGN_STYLE = Automatic;
				PRODUCT_NAME = "$(TARGET_NAME)";
			};
			name = Release;
		};
/* End XCBuildConfiguration section */

/* Begin XCConfigurationList section */
		340B0ECC2C21F56B00850CDD /* Build configuration list for PBXProject "cipher" */ = {
			isa = XCConfigurationList;
			buildConfigurations = (
				340B0ED62C21F56C00850CDD /* Debug */,
				340B0ED72C21F56C00850CDD /* Release */,
			);
			defaultConfigurationIsVisible = 0;
			defaultConfigurationName = Release;
		};
		340B0ED82C21F56C00850CDD /* Build configuration list for PBXNativeTarget "cipher" */ = {
			isa = XCConfigurationList;
			buildConfigurations = (
				340B0ED92C21F56C00850CDD /* Debug */,
				340B0EDA2C21F56C00850CDD /* Release */,
			);
			defaultConfigurationIsVisible = 0;
			defaultConfigurationName = Release;
		};
/* End XCConfigurationList section */
	};
	rootObject = 340B0EC92C21F56B00850CDD /* Project object */;
}
